
Microsoft Visual Studio Solution File, Format Version 12.00
# Visual Studio Version 16
VisualStudioVersion = 16.0.31321.278
MinimumVisualStudioVersion = 10.0.40219.1
Project("{FAE04EC0-301F-11D3-BF4B-00C04F79EFBC}") = "StorePromotion.API", "StorePromotion.API\StorePromotion.API.csproj", "{FC571B78-3B83-483C-BE45-2EB51C8779A1}"
EndProject
Project("{FAE04EC0-301F-11D3-BF4B-00C04F79EFBC}") = "StorePromotion.Common", "StorePromotion.Common\StorePromotion.Common.csproj", "{4F911D2E-9360-4D5E-A988-B6051B677EEC}"
EndProject
Project("{FAE04EC0-301F-11D3-BF4B-00C04F79EFBC}") = "StorePromotion.UI", "StorePromotion.UI\StorePromotion.UI.csproj", "{65BAFEA0-D967-423C-823E-F767F73C8393}"
EndProject
Global
	GlobalSection(SolutionConfigurationPlatforms) = preSolution
		Debug|Any CPU = Debug|Any CPU
		Release|Any CPU = Release|Any CPU
	EndGlobalSection
	GlobalSection(ProjectConfigurationPlatforms) = postSolution
		{FC571B78-3B83-483C-BE45-2EB51C8779A1}.Debug|Any CPU.ActiveCfg = Debug|Any CPU
		{FC571B78-3B83-483C-BE45-2EB51C8779A1}.Debug|Any CPU.Build.0 = Debug|Any CPU
		{FC571B78-3B83-483C-BE45-2EB51C8779A1}.Release|Any CPU.ActiveCfg = Release|Any CPU
		{FC571B78-3B83-483C-BE45-2EB51C8779A1}.Release|Any CPU.Build.0 = Release|Any CPU
		{4F911D2E-9360-4D5E-A988-B6051B677EEC}.Debug|Any CPU.ActiveCfg = Debug|Any CPU
		{4F911D2E-9360-4D5E-A988-B6051B677EEC}.Debug|Any CPU.Build.0 = Debug|Any CPU
		{4F911D2E-9360-4D5E-A988-B6051B677EEC}.Release|Any CPU.ActiveCfg = Release|Any CPU
		{4F911D2E-9360-4D5E-A988-B6051B677EEC}.Release|Any CPU.Build.0 = Release|Any CPU
		{65BAFEA0-D967-423C-823E-F767F73C8393}.Debug|Any CPU.ActiveCfg = Debug|Any CPU
		{65BAFEA0-D967-423C-823E-F767F73C8393}.Debug|Any CPU.Build.0 = Debug|Any CPU
		{65BAFEA0-D967-423C-823E-F767F73C8393}.Release|Any CPU.ActiveCfg = Release|Any CPU
		{65BAFEA0-D967-423C-823E-F767F73C8393}.Release|Any CPU.Build.0 = Release|Any CPU
	EndGlobalSection
	GlobalSection(SolutionProperties) = preSolution
		HideSolutionNode = FALSE
	EndGlobalSection
	GlobalSection(ExtensibilityGlobals) = postSolution
		SolutionGuid = {DBDEF882-65BB-4668-AE1A-F68100712B63}
	EndGlobalSection
EndGlobal
